{
  "name": "work",
  "lockfileVersion": 3,
  "requires": true,
  "packages": {
    "": {
      "dependencies": {
        "@oclif/screen": "^3.0.8"
      }
    },
    "node_modules/@oclif/screen": {
      "version": "3.0.8",
      "resolved": "https://registry.npmjs.org/@oclif/screen/-/screen-3.0.8.tgz",
      "integrity": "sha512-yx6KAqlt3TAHBduS2fMQtJDL2ufIHnDRArrJEOoTTuizxqmjLT+psGYOHpmMl3gvQpFJ11Hs76guUUktzAF9Bg==",
      "deprecated": "Package no longer supported. Contact Support at https://www.npmjs.com/support for more info.",
      "engines": {
        "node": ">=12.0.0"
      }
    }
  }
}
